
Microsoft Visual Studio Solution File, Format Version 12.00
# Visual Studio Version 18
VisualStudioVersion = 18.3.11512.155
MinimumVisualStudioVersion = 10.0.40219.1
Project("{2150E333-8FDC-42A3-9474-1A3956D46DE8}") = "Examples", "Examples", "{8AF132E9-5C5A-4D6C-B0FC-82FFCA700BA8}"
	ProjectSection(SolutionItems) = preProject
		global.json = global.json
	EndProjectSection
EndProject
Project("{9A19103F-16F7-4668-BE54-9A1E7A4F7556}") = "ReferenceLibrary", "Examples\RefernceLibrary\ReferenceLibrary.csproj", "{177A1762-A63A-4696-9EDE-863F200EA34E}"
EndProject
Project("{9A19103F-16F7-4668-BE54-9A1E7A4F7556}") = "TestApi1", "Examples\TestApi1\TestApi1.csproj", "{76219E7A-877C-4EBA-9188-819216BC6967}"
EndProject
Project("{9A19103F-16F7-4668-BE54-9A1E7A4F7556}") = "TestApi2", "Examples\TestApi2\TestApi2.csproj", "{E07E1400-AA21-4C32-BF22-BB31F400EA54}"
EndProject
Project("{D954291E-2A0B-460D-934E-DC6B0785DB48}") = "_Documents", "_Documents\_Documents.shproj", "{A8DB2027-F414-4940-AAF4-2DC7EC35F99C}"
EndProject
Project("{9A19103F-16F7-4668-BE54-9A1E7A4F7556}") = "TestPublisherApi", "Examples\TestPublisherApi\TestPublisherApi.csproj", "{6964CD24-A2CC-4170-BE3D-174360867DF4}"
EndProject
Project("{9A19103F-16F7-4668-BE54-9A1E7A4F7556}") = "TestSomething", "Examples\TestSomething\TestSomething.csproj", "{AACF6985-79DE-48A3-B381-9FD2C8B318AF}"
EndProject
Project("{9A19103F-16F7-4668-BE54-9A1E7A4F7556}") = "ClientOnboarding", "Examples\ClientOnboarding\ClientOnboarding.csproj", "{47154E1A-44E0-4016-89E4-42A79B16E87F}"
EndProject
Project("{2150E333-8FDC-42A3-9474-1A3956D46DE8}") = "Solution Items", "Solution Items", "{2657BD84-FE74-4ADC-ADD3-A7B671309891}"
	ProjectSection(SolutionItems) = preProject
		README.md = README.md
	EndProjectSection
EndProject
Project("{9A19103F-16F7-4668-BE54-9A1E7A4F7556}") = "RequestApproval", "Examples\RequestApproval\RequestApproval.csproj", "{1930BFC3-7AE7-489A-A17A-E5B2BA70F215}"
EndProject
Project("{9A19103F-16F7-4668-BE54-9A1E7A4F7556}") = "FakeOrderManagmentRequest", "Examples\FakeOrderManagmentRequest\FakeOrderManagmentRequest.csproj", "{CECBB3CE-C209-4960-B003-3019C27A5DD5}"
EndProject
Project("{2150E333-8FDC-42A3-9474-1A3956D46DE8}") = "Workflows", "Workflows", "{191EA560-81B1-4C91-86AB-AD67BBCEA614}"
EndProject
Project("{FAE04EC0-301F-11D3-BF4B-00C04F79EFBC}") = "Tests", "Workflows\Tests\Tests.csproj", "{01ABC809-A8F6-1E73-5B3F-0A8931D65023}"
EndProject
Project("{FAE04EC0-301F-11D3-BF4B-00C04F79EFBC}") = "Workflows.Publisher", "Workflows\Workflows.Publisher\Workflows.Publisher.csproj", "{EC83E2D4-3127-CD0D-05B8-2E4F9B895624}"
EndProject
Project("{FAE04EC0-301F-11D3-BF4B-00C04F79EFBC}") = "Workflows.EngineCore", "Workflows\Workflows.Handler\Workflows.EngineCore.csproj", "{C9B84E1F-9ACC-6CE3-890C-4C66BA3DAAEB}"
EndProject
Project("{FAE04EC0-301F-11D3-BF4B-00C04F79EFBC}") = "Workflows.CodeGeneration", "Workflows\Workflows.CodeGeneration\Workflows.CodeGeneration.csproj", "{5E60F440-6E8C-E4E4-DE0D-CF9EE240B312}"
EndProject
Project("{FAE04EC0-301F-11D3-BF4B-00C04F79EFBC}") = "Workflows.MvcUi", "Workflows\Workflows.AspNetService\Workflows.MvcUi.csproj", "{88069030-8E0D-4D40-A2E6-A65BF689C989}"
EndProject
Project("{FAE04EC0-301F-11D3-BF4B-00C04F79EFBC}") = "ShowTestsUi", "Examples\ShowTestsUi\ShowTestsUi.csproj", "{85EA8B51-D68D-32B5-E790-DD630D4E38C8}"
EndProject
Project("{FAE04EC0-301F-11D3-BF4B-00C04F79EFBC}") = "Workflows.Engine.Abstraction.Data", "Workflows\Workflows.Engine.Abstraction.Data\Workflows.Engine.Abstraction.Data.csproj", "{D639F92F-E752-4FF1-B200-EAF598643302}"
EndProject
Project("{FAE04EC0-301F-11D3-BF4B-00C04F79EFBC}") = "Workflows.Engine.Abstraction.Core", "Workflows\Workflows.Engine.Abstraction.Core\Workflows.Engine.Abstraction.Core.csproj", "{3B49A3A7-8C8C-436B-BD89-BCE9B64E60EB}"
EndProject
Project("{FAE04EC0-301F-11D3-BF4B-00C04F79EFBC}") = "Workflows.Engine.Data.EF", "Workflows\Workflows.Engine.Data.EF\Workflows.Engine.Data.EF.csproj", "{3E8D9EFC-D972-40EC-94EE-7F4798996D0B}"
EndProject
Global
	GlobalSection(SolutionConfigurationPlatforms) = preSolution
		Debug|Any CPU = Debug|Any CPU
		Release|Any CPU = Release|Any CPU
	EndGlobalSection
	GlobalSection(ProjectConfigurationPlatforms) = postSolution
		{177A1762-A63A-4696-9EDE-863F200EA34E}.Debug|Any CPU.ActiveCfg = Debug|Any CPU
		{177A1762-A63A-4696-9EDE-863F200EA34E}.Debug|Any CPU.Build.0 = Debug|Any CPU
		{177A1762-A63A-4696-9EDE-863F200EA34E}.Release|Any CPU.ActiveCfg = Release|Any CPU
		{177A1762-A63A-4696-9EDE-863F200EA34E}.Release|Any CPU.Build.0 = Release|Any CPU
		{76219E7A-877C-4EBA-9188-819216BC6967}.Debug|Any CPU.ActiveCfg = Debug|Any CPU
		{76219E7A-877C-4EBA-9188-819216BC6967}.Debug|Any CPU.Build.0 = Debug|Any CPU
		{76219E7A-877C-4EBA-9188-819216BC6967}.Release|Any CPU.ActiveCfg = Release|Any CPU
		{76219E7A-877C-4EBA-9188-819216BC6967}.Release|Any CPU.Build.0 = Release|Any CPU
		{E07E1400-AA21-4C32-BF22-BB31F400EA54}.Debug|Any CPU.ActiveCfg = Debug|Any CPU
		{E07E1400-AA21-4C32-BF22-BB31F400EA54}.Debug|Any CPU.Build.0 = Debug|Any CPU
		{E07E1400-AA21-4C32-BF22-BB31F400EA54}.Release|Any CPU.ActiveCfg = Release|Any CPU
		{E07E1400-AA21-4C32-BF22-BB31F400EA54}.Release|Any CPU.Build.0 = Release|Any CPU
		{6964CD24-A2CC-4170-BE3D-174360867DF4}.Debug|Any CPU.ActiveCfg = Debug|Any CPU
		{6964CD24-A2CC-4170-BE3D-174360867DF4}.Debug|Any CPU.Build.0 = Debug|Any CPU
		{6964CD24-A2CC-4170-BE3D-174360867DF4}.Release|Any CPU.ActiveCfg = Release|Any CPU
		{6964CD24-A2CC-4170-BE3D-174360867DF4}.Release|Any CPU.Build.0 = Release|Any CPU
		{AACF6985-79DE-48A3-B381-9FD2C8B318AF}.Debug|Any CPU.ActiveCfg = Debug|Any CPU
		{AACF6985-79DE-48A3-B381-9FD2C8B318AF}.Debug|Any CPU.Build.0 = Debug|Any CPU
		{AACF6985-79DE-48A3-B381-9FD2C8B318AF}.Release|Any CPU.ActiveCfg = Release|Any CPU
		{AACF6985-79DE-48A3-B381-9FD2C8B318AF}.Release|Any CPU.Build.0 = Release|Any CPU
		{47154E1A-44E0-4016-89E4-42A79B16E87F}.Debug|Any CPU.ActiveCfg = Debug|Any CPU
		{47154E1A-44E0-4016-89E4-42A79B16E87F}.Debug|Any CPU.Build.0 = Debug|Any CPU
		{47154E1A-44E0-4016-89E4-42A79B16E87F}.Release|Any CPU.ActiveCfg = Release|Any CPU
		{47154E1A-44E0-4016-89E4-42A79B16E87F}.Release|Any CPU.Build.0 = Release|Any CPU
		{1930BFC3-7AE7-489A-A17A-E5B2BA70F215}.Debug|Any CPU.ActiveCfg = Debug|Any CPU
		{1930BFC3-7AE7-489A-A17A-E5B2BA70F215}.Debug|Any CPU.Build.0 = Debug|Any CPU
		{1930BFC3-7AE7-489A-A17A-E5B2BA70F215}.Release|Any CPU.ActiveCfg = Release|Any CPU
		{1930BFC3-7AE7-489A-A17A-E5B2BA70F215}.Release|Any CPU.Build.0 = Release|Any CPU
		{CECBB3CE-C209-4960-B003-3019C27A5DD5}.Debug|Any CPU.ActiveCfg = Debug|Any CPU
		{CECBB3CE-C209-4960-B003-3019C27A5DD5}.Debug|Any CPU.Build.0 = Debug|Any CPU
		{CECBB3CE-C209-4960-B003-3019C27A5DD5}.Release|Any CPU.ActiveCfg = Release|Any CPU
		{CECBB3CE-C209-4960-B003-3019C27A5DD5}.Release|Any CPU.Build.0 = Release|Any CPU
		{01ABC809-A8F6-1E73-5B3F-0A8931D65023}.Debug|Any CPU.ActiveCfg = Debug|Any CPU
		{01ABC809-A8F6-1E73-5B3F-0A8931D65023}.Debug|Any CPU.Build.0 = Debug|Any CPU
		{01ABC809-A8F6-1E73-5B3F-0A8931D65023}.Release|Any CPU.ActiveCfg = Release|Any CPU
		{01ABC809-A8F6-1E73-5B3F-0A8931D65023}.Release|Any CPU.Build.0 = Release|Any CPU
		{EC83E2D4-3127-CD0D-05B8-2E4F9B895624}.Debug|Any CPU.ActiveCfg = Debug|Any CPU
		{EC83E2D4-3127-CD0D-05B8-2E4F9B895624}.Debug|Any CPU.Build.0 = Debug|Any CPU
		{EC83E2D4-3127-CD0D-05B8-2E4F9B895624}.Release|Any CPU.ActiveCfg = Release|Any CPU
		{EC83E2D4-3127-CD0D-05B8-2E4F9B895624}.Release|Any CPU.Build.0 = Release|Any CPU
		{C9B84E1F-9ACC-6CE3-890C-4C66BA3DAAEB}.Debug|Any CPU.ActiveCfg = Debug|Any CPU
		{C9B84E1F-9ACC-6CE3-890C-4C66BA3DAAEB}.Debug|Any CPU.Build.0 = Debug|Any CPU
		{C9B84E1F-9ACC-6CE3-890C-4C66BA3DAAEB}.Release|Any CPU.ActiveCfg = Release|Any CPU
		{C9B84E1F-9ACC-6CE3-890C-4C66BA3DAAEB}.Release|Any CPU.Build.0 = Release|Any CPU
		{5E60F440-6E8C-E4E4-DE0D-CF9EE240B312}.Debug|Any CPU.ActiveCfg = Debug|Any CPU
		{5E60F440-6E8C-E4E4-DE0D-CF9EE240B312}.Debug|Any CPU.Build.0 = Debug|Any CPU
		{5E60F440-6E8C-E4E4-DE0D-CF9EE240B312}.Release|Any CPU.ActiveCfg = Release|Any CPU
		{5E60F440-6E8C-E4E4-DE0D-CF9EE240B312}.Release|Any CPU.Build.0 = Release|Any CPU
		{88069030-8E0D-4D40-A2E6-A65BF689C989}.Debug|Any CPU.ActiveCfg = Debug|Any CPU
		{88069030-8E0D-4D40-A2E6-A65BF689C989}.Debug|Any CPU.Build.0 = Debug|Any CPU
		{88069030-8E0D-4D40-A2E6-A65BF689C989}.Release|Any CPU.ActiveCfg = Release|Any CPU
		{88069030-8E0D-4D40-A2E6-A65BF689C989}.Release|Any CPU.Build.0 = Release|Any CPU
		{85EA8B51-D68D-32B5-E790-DD630D4E38C8}.Debug|Any CPU.ActiveCfg = Debug|Any CPU
		{85EA8B51-D68D-32B5-E790-DD630D4E38C8}.Debug|Any CPU.Build.0 = Debug|Any CPU
		{85EA8B51-D68D-32B5-E790-DD630D4E38C8}.Release|Any CPU.ActiveCfg = Release|Any CPU
		{85EA8B51-D68D-32B5-E790-DD630D4E38C8}.Release|Any CPU.Build.0 = Release|Any CPU
		{D639F92F-E752-4FF1-B200-EAF598643302}.Debug|Any CPU.ActiveCfg = Debug|Any CPU
		{D639F92F-E752-4FF1-B200-EAF598643302}.Debug|Any CPU.Build.0 = Debug|Any CPU
		{D639F92F-E752-4FF1-B200-EAF598643302}.Release|Any CPU.ActiveCfg = Release|Any CPU
		{D639F92F-E752-4FF1-B200-EAF598643302}.Release|Any CPU.Build.0 = Release|Any CPU
		{3B49A3A7-8C8C-436B-BD89-BCE9B64E60EB}.Debug|Any CPU.ActiveCfg = Debug|Any CPU
		{3B49A3A7-8C8C-436B-BD89-BCE9B64E60EB}.Debug|Any CPU.Build.0 = Debug|Any CPU
		{3B49A3A7-8C8C-436B-BD89-BCE9B64E60EB}.Release|Any CPU.ActiveCfg = Release|Any CPU
		{3B49A3A7-8C8C-436B-BD89-BCE9B64E60EB}.Release|Any CPU.Build.0 = Release|Any CPU
		{3E8D9EFC-D972-40EC-94EE-7F4798996D0B}.Debug|Any CPU.ActiveCfg = Debug|Any CPU
		{3E8D9EFC-D972-40EC-94EE-7F4798996D0B}.Debug|Any CPU.Build.0 = Debug|Any CPU
		{3E8D9EFC-D972-40EC-94EE-7F4798996D0B}.Release|Any CPU.ActiveCfg = Release|Any CPU
		{3E8D9EFC-D972-40EC-94EE-7F4798996D0B}.Release|Any CPU.Build.0 = Release|Any CPU
	EndGlobalSection
	GlobalSection(SolutionProperties) = preSolution
		HideSolutionNode = FALSE
	EndGlobalSection
	GlobalSection(NestedProjects) = preSolution
		{177A1762-A63A-4696-9EDE-863F200EA34E} = {8AF132E9-5C5A-4D6C-B0FC-82FFCA700BA8}
		{76219E7A-877C-4EBA-9188-819216BC6967} = {8AF132E9-5C5A-4D6C-B0FC-82FFCA700BA8}
		{E07E1400-AA21-4C32-BF22-BB31F400EA54} = {8AF132E9-5C5A-4D6C-B0FC-82FFCA700BA8}
		{6964CD24-A2CC-4170-BE3D-174360867DF4} = {8AF132E9-5C5A-4D6C-B0FC-82FFCA700BA8}
		{AACF6985-79DE-48A3-B381-9FD2C8B318AF} = {8AF132E9-5C5A-4D6C-B0FC-82FFCA700BA8}
		{47154E1A-44E0-4016-89E4-42A79B16E87F} = {8AF132E9-5C5A-4D6C-B0FC-82FFCA700BA8}
		{1930BFC3-7AE7-489A-A17A-E5B2BA70F215} = {8AF132E9-5C5A-4D6C-B0FC-82FFCA700BA8}
		{CECBB3CE-C209-4960-B003-3019C27A5DD5} = {8AF132E9-5C5A-4D6C-B0FC-82FFCA700BA8}
		{01ABC809-A8F6-1E73-5B3F-0A8931D65023} = {191EA560-81B1-4C91-86AB-AD67BBCEA614}
		{EC83E2D4-3127-CD0D-05B8-2E4F9B895624} = {191EA560-81B1-4C91-86AB-AD67BBCEA614}
		{C9B84E1F-9ACC-6CE3-890C-4C66BA3DAAEB} = {191EA560-81B1-4C91-86AB-AD67BBCEA614}
		{5E60F440-6E8C-E4E4-DE0D-CF9EE240B312} = {191EA560-81B1-4C91-86AB-AD67BBCEA614}
		{88069030-8E0D-4D40-A2E6-A65BF689C989} = {191EA560-81B1-4C91-86AB-AD67BBCEA614}
		{85EA8B51-D68D-32B5-E790-DD630D4E38C8} = {8AF132E9-5C5A-4D6C-B0FC-82FFCA700BA8}
		{D639F92F-E752-4FF1-B200-EAF598643302} = {191EA560-81B1-4C91-86AB-AD67BBCEA614}
		{3B49A3A7-8C8C-436B-BD89-BCE9B64E60EB} = {191EA560-81B1-4C91-86AB-AD67BBCEA614}
		{3E8D9EFC-D972-40EC-94EE-7F4798996D0B} = {191EA560-81B1-4C91-86AB-AD67BBCEA614}
	EndGlobalSection
	GlobalSection(ExtensibilityGlobals) = postSolution
		SolutionGuid = {AE5D3544-A75E-4511-ADAF-BEE3DA168EE9}
	EndGlobalSection
	GlobalSection(SharedMSBuildProjectFiles) = preSolution
		_Documents\_Documents.projitems*{a8db2027-f414-4940-aaf4-2dc7ec35f99c}*SharedItemsImports = 13
	EndGlobalSection
EndGlobal
